
Microsoft Visual Studio Solution File, Format Version 12.00
# Visual Studio Version 16
VisualStudioVersion = 16.0.30804.86
MinimumVisualStudioVersion = 10.0.40219.1
Project("{9A19103F-16F7-4668-BE54-9A1E7A4F7556}") = "SMAC", "SMAC.csproj", "{E65EB6EC-80D0-44E0-8E49-339702CBE35F}"
EndProject
Project("{2150E333-8FDC-42A3-9474-1A3956D46DE8}") = "Solution Items", "Solution Items", "{A5A162E5-0A6C-432C-B72D-FF4AF97896B9}"
	ProjectSection(SolutionItems) = preProject
		.editorconfig = .editorconfig
	EndProjectSection
EndProject
Global
	GlobalSection(SolutionConfigurationPlatforms) = preSolution
		Debug|Any CPU = Debug|Any CPU
		Debug|ARM = Debug|ARM
		Debug|ARM64 = Debug|ARM64
		Debug|x64 = Debug|x64
		Debug|x86 = Debug|x86
		Release|Any CPU = Release|Any CPU
		Release|ARM = Release|ARM
		Release|ARM64 = Release|ARM64
		Release|x64 = Release|x64
		Release|x86 = Release|x86
	EndGlobalSection
	GlobalSection(ProjectConfigurationPlatforms) = postSolution
		{E65EB6EC-80D0-44E0-8E49-339702CBE35F}.Debug|Any CPU.ActiveCfg = Debug|Any CPU
		{E65EB6EC-80D0-44E0-8E49-339702CBE35F}.Debug|Any CPU.Build.0 = Debug|Any CPU
		{E65EB6EC-80D0-44E0-8E49-339702CBE35F}.Debug|ARM.ActiveCfg = Debug|Any CPU
		{E65EB6EC-80D0-44E0-8E49-339702CBE35F}.Debug|ARM.Build.0 = Debug|Any CPU
		{E65EB6EC-80D0-44E0-8E49-339702CBE35F}.Debug|ARM64.ActiveCfg = Debug|Any CPU
		{E65EB6EC-80D0-44E0-8E49-339702CBE35F}.Debug|ARM64.Build.0 = Debug|Any CPU
		{E65EB6EC-80D0-44E0-8E49-339702CBE35F}.Debug|x64.ActiveCfg = Debug|Any CPU
		{E65EB6EC-80D0-44E0-8E49-339702CBE35F}.Debug|x64.Build.0 = Debug|Any CPU
		{E65EB6EC-80D0-44E0-8E49-339702CBE35F}.Debug|x86.ActiveCfg = Debug|Any CPU
		{E65EB6EC-80D0-44E0-8E49-339702CBE35F}.Debug|x86.Build.0 = Debug|Any CPU
		{E65EB6EC-80D0-44E0-8E49-339702CBE35F}.Release|Any CPU.ActiveCfg = Release|Any CPU
		{E65EB6EC-80D0-44E0-8E49-339702CBE35F}.Release|Any CPU.Build.0 = Release|Any CPU
		{E65EB6EC-80D0-44E0-8E49-339702CBE35F}.Release|ARM.ActiveCfg = Release|Any CPU
		{E65EB6EC-80D0-44E0-8E49-339702CBE35F}.Release|ARM.Build.0 = Release|Any CPU
		{E65EB6EC-80D0-44E0-8E49-339702CBE35F}.Release|ARM64.ActiveCfg = Release|Any CPU
		{E65EB6EC-80D0-44E0-8E49-339702CBE35F}.Release|ARM64.Build.0 = Release|Any CPU
		{E65EB6EC-80D0-44E0-8E49-339702CBE35F}.Release|x64.ActiveCfg = Release|Any CPU
		{E65EB6EC-80D0-44E0-8E49-339702CBE35F}.Release|x64.Build.0 = Release|Any CPU
		{E65EB6EC-80D0-44E0-8E49-339702CBE35F}.Release|x86.ActiveCfg = Release|x86
		{E65EB6EC-80D0-44E0-8E49-339702CBE35F}.Release|x86.Build.0 = Release|x86
	EndGlobalSection
	GlobalSection(SolutionProperties) = preSolution
		HideSolutionNode = FALSE
	EndGlobalSection
	GlobalSection(ExtensibilityGlobals) = postSolution
		SolutionGuid = {4F3CE54C-6C36-4633-AD30-1BE2C2D4DB8D}
	EndGlobalSection
EndGlobal
